
Microsoft Visual Studio Solution File, Format Version 12.00
# Visual Studio Version 17
VisualStudioVersion = 17.10.34916.146
MinimumVisualStudioVersion = 10.0.40219.1
Project("{FAE04EC0-301F-11D3-BF4B-00C04F79EFBC}") = "SellersAPI", "SellersAPI\SellersAPI.csproj", "{B34EDC1B-B19A-42AE-A946-9E3FAD285489}"
EndProject
Global
	GlobalSection(SolutionConfigurationPlatforms) = preSolution
		Debug|Any CPU = Debug|Any CPU
		Release|Any CPU = Release|Any CPU
	EndGlobalSection
	GlobalSection(ProjectConfigurationPlatforms) = postSolution
		{B34EDC1B-B19A-42AE-A946-9E3FAD285489}.Debug|Any CPU.ActiveCfg = Debug|Any CPU
		{B34EDC1B-B19A-42AE-A946-9E3FAD285489}.Debug|Any CPU.Build.0 = Debug|Any CPU
		{B34EDC1B-B19A-42AE-A946-9E3FAD285489}.Release|Any CPU.ActiveCfg = Release|Any CPU
		{B34EDC1B-B19A-42AE-A946-9E3FAD285489}.Release|Any CPU.Build.0 = Release|Any CPU
	EndGlobalSection
	GlobalSection(SolutionProperties) = preSolution
		HideSolutionNode = FALSE
	EndGlobalSection
	GlobalSection(ExtensibilityGlobals) = postSolution
		SolutionGuid = {0A8E7F01-F5DB-4353-A3BF-ACEEB6C04E26}
	EndGlobalSection
EndGlobal
